// !$*UTF8*$!
{
	archiveVersion = 1;
	classes = {
	};
	objectVersion = 56;
	objects = {

/* Begin PBXBuildFile section */
		2344E3762AAB363500FA747D /* UrlImage.swift in Sources */ = {isa = PBXBuildFile; fileRef = 2344E3752AAB363500FA747D /* UrlImage.swift */; };
		236137422AA90DD300E1FCB0 /* HomeView.swift in Sources */ = {isa = PBXBuildFile; fileRef = 236137412AA90DD300E1FCB0 /* HomeView.swift */; };
		236137452AA90EE400E1FCB0 /* CalculateView.swift in Sources */ = {isa = PBXBuildFile; fileRef = 236137442AA90EE400E1FCB0 /* CalculateView.swift */; };
		236137482AA90F4000E1FCB0 /* SettingsView.swift in Sources */ = {isa = PBXBuildFile; fileRef = 236137472AA90F4000E1FCB0 /* SettingsView.swift */; };
		2361374C2AA9104300E1FCB0 /* Home.swift in Sources */ = {isa = PBXBuildFile; fileRef = 2361374B2AA9104300E1FCB0 /* Home.swift */; };
		236137522AA9114000E1FCB0 /* DailyItem.swift in Sources */ = {isa = PBXBuildFile; fileRef = 236137512AA9114000E1FCB0 /* DailyItem.swift */; };
		236137552AA911D800E1FCB0 /* DetailView.swift in Sources */ = {isa = PBXBuildFile; fileRef = 236137542AA911D800E1FCB0 /* DetailView.swift */; };
		236137572AA917A300E1FCB0 /* DailySlider.swift in Sources */ = {isa = PBXBuildFile; fileRef = 236137562AA917A200E1FCB0 /* DailySlider.swift */; };
		2361375B2AA926A300E1FCB0 /* ItemsList.swift in Sources */ = {isa = PBXBuildFile; fileRef = 2361375A2AA926A300E1FCB0 /* ItemsList.swift */; };
		2361375D2AA9284000E1FCB0 /* ListItem.swift in Sources */ = {isa = PBXBuildFile; fileRef = 2361375C2AA9284000E1FCB0 /* ListItem.swift */; };
		23849AD62AA9D1E0006F51D0 /* data.json in Resources */ = {isa = PBXBuildFile; fileRef = 23849AD52AA9D1DF006F51D0 /* data.json */; };
		23849AD82AA9D98D006F51D0 /* ItemData.swift in Sources */ = {isa = PBXBuildFile; fileRef = 23849AD72AA9D98D006F51D0 /* ItemData.swift */; };
		23EE97B02AA9098000540B6E /* PhysicsGlossaryApp.swift in Sources */ = {isa = PBXBuildFile; fileRef = 23EE97AF2AA9098000540B6E /* PhysicsGlossaryApp.swift */; };
		23EE97B22AA9098000540B6E /* ContentView.swift in Sources */ = {isa = PBXBuildFile; fileRef = 23EE97B12AA9098000540B6E /* ContentView.swift */; };
		23EE97B42AA9098200540B6E /* Assets.xcassets in Resources */ = {isa = PBXBuildFile; fileRef = 23EE97B32AA9098200540B6E /* Assets.xcassets */; };
		23EE97B72AA9098200540B6E /* Preview Assets.xcassets in Resources */ = {isa = PBXBuildFile; fileRef = 23EE97B62AA9098200540B6E /* Preview Assets.xcassets */; };
		23EE97B92AA9098200540B6E /* Persistence.swift in Sources */ = {isa = PBXBuildFile; fileRef = 23EE97B82AA9098200540B6E /* Persistence.swift */; };
		23EE97BC2AA9098200540B6E /* PhysicsGlossary.xcdatamodeld in Sources */ = {isa = PBXBuildFile; fileRef = 23EE97BA2AA9098200540B6E /* PhysicsGlossary.xcdatamodeld */; };
/* End PBXBuildFile section */

/* Begin PBXFileReference section */
		2344E3752AAB363500FA747D /* UrlImage.swift */ = {isa = PBXFileReference; lastKnownFileType = sourcecode.swift; path = UrlImage.swift; sourceTree = "<group>"; };
		236137412AA90DD300E1FCB0 /* HomeView.swift */ = {isa = PBXFileReference; lastKnownFileType = sourcecode.swift; path = HomeView.swift; sourceTree = "<group>"; };
		236137442AA90EE400E1FCB0 /* CalculateView.swift */ = {isa = PBXFileReference; lastKnownFileType = sourcecode.swift; path = CalculateView.swift; sourceTree = "<group>"; };
		236137472AA90F4000E1FCB0 /* SettingsView.swift */ = {isa = PBXFileReference; lastKnownFileType = sourcecode.swift; path = SettingsView.swift; sourceTree = "<group>"; };
		2361374B2AA9104300E1FCB0 /* Home.swift */ = {isa = PBXFileReference; lastKnownFileType = sourcecode.swift; path = Home.swift; sourceTree = "<group>"; };
		236137512AA9114000E1FCB0 /* DailyItem.swift */ = {isa = PBXFileReference; lastKnownFileType = sourcecode.swift; path = DailyItem.swift; sourceTree = "<group>"; };
		236137542AA911D800E1FCB0 /* DetailView.swift */ = {isa = PBXFileReference; lastKnownFileType = sourcecode.swift; path = DetailView.swift; sourceTree = "<group>"; };
		236137562AA917A200E1FCB0 /* DailySlider.swift */ = {isa = PBXFileReference; lastKnownFileType = sourcecode.swift; path = DailySlider.swift; sourceTree = "<group>"; };
		2361375A2AA926A300E1FCB0 /* ItemsList.swift */ = {isa = PBXFileReference; lastKnownFileType = sourcecode.swift; path = ItemsList.swift; sourceTree = "<group>"; };
		2361375C2AA9284000E1FCB0 /* ListItem.swift */ = {isa = PBXFileReference; lastKnownFileType = sourcecode.swift; path = ListItem.swift; sourceTree = "<group>"; };
		23849AD52AA9D1DF006F51D0 /* data.json */ = {isa = PBXFileReference; fileEncoding = 4; lastKnownFileType = text.json; path = data.json; sourceTree = "<group>"; };
		23849AD72AA9D98D006F51D0 /* ItemData.swift */ = {isa = PBXFileReference; lastKnownFileType = sourcecode.swift; path = ItemData.swift; sourceTree = "<group>"; };
		23EE97AC2AA9098000540B6E /* PhysicsGlossary.app */ = {isa = PBXFileReference; explicitFileType = wrapper.application; includeInIndex = 0; path = PhysicsGlossary.app; sourceTree = BUILT_PRODUCTS_DIR; };
		23EE97AF2AA9098000540B6E /* PhysicsGlossaryApp.swift */ = {isa = PBXFileReference; lastKnownFileType = sourcecode.swift; path = PhysicsGlossaryApp.swift; sourceTree = "<group>"; };
		23EE97B12AA9098000540B6E /* ContentView.swift */ = {isa = PBXFileReference; lastKnownFileType = sourcecode.swift; path = ContentView.swift; sourceTree = "<group>"; };
		23EE97B32AA9098200540B6E /* Assets.xcassets */ = {isa = PBXFileReference; lastKnownFileType = folder.assetcatalog; path = Assets.xcassets; sourceTree = "<group>"; };
		23EE97B62AA9098200540B6E /* Preview Assets.xcassets */ = {isa = PBXFileReference; lastKnownFileType = folder.assetcatalog; path = "Preview Assets.xcassets"; sourceTree = "<group>"; };
		23EE97B82AA9098200540B6E /* Persistence.swift */ = {isa = PBXFileReference; lastKnownFileType = sourcecode.swift; path = Persistence.swift; sourceTree = "<group>"; };
		23EE97BB2AA9098200540B6E /* PhysicsGlossary.xcdatamodel */ = {isa = PBXFileReference; lastKnownFileType = wrapper.xcdatamodel; path = PhysicsGlossary.xcdatamodel; sourceTree = "<group>"; };
/* End PBXFileReference section */

/* Begin PBXFrameworksBuildPhase section */
		23EE97A92AA9098000540B6E /* Frameworks */ = {
			isa = PBXFrameworksBuildPhase;
			buildActionMask = 2147483647;
			files = (
			);
			runOnlyForDeploymentPostprocessing = 0;
		};
/* End PBXFrameworksBuildPhase section */

/* Begin PBXGroup section */
		236137402AA90DBE00E1FCB0 /* Home */ = {
			isa = PBXGroup;
			children = (
				236137492AA9101700E1FCB0 /* Pages */,
				236137412AA90DD300E1FCB0 /* HomeView.swift */,
			);
			path = Home;
			sourceTree = "<group>";
		};
		236137432AA90ED800E1FCB0 /* Calculate */ = {
			isa = PBXGroup;
			children = (
				236137442AA90EE400E1FCB0 /* CalculateView.swift */,
			);
			path = Calculate;
			sourceTree = "<group>";
		};
		236137462AA90F2A00E1FCB0 /* Settings */ = {
			isa = PBXGroup;
			children = (
				236137472AA90F4000E1FCB0 /* SettingsView.swift */,
			);
			path = Settings;
			sourceTree = "<group>";
		};
		236137492AA9101700E1FCB0 /* Pages */ = {
			isa = PBXGroup;
			children = (
				236137532AA911C900E1FCB0 /* Details */,
				2361374A2AA9103400E1FCB0 /* Home */,
			);
			path = Pages;
			sourceTree = "<group>";
		};
		2361374A2AA9103400E1FCB0 /* Home */ = {
			isa = PBXGroup;
			children = (
				2361374D2AA910A000E1FCB0 /* Components */,
				2361374B2AA9104300E1FCB0 /* Home.swift */,
			);
			path = Home;
			sourceTree = "<group>";
		};
		2361374D2AA910A000E1FCB0 /* Components */ = {
			isa = PBXGroup;
			children = (
				236137592AA9268600E1FCB0 /* ItemsList */,
				236137582AA91F5F00E1FCB0 /* Daily */,
			);
			path = Components;
			sourceTree = "<group>";
		};
		236137532AA911C900E1FCB0 /* Details */ = {
			isa = PBXGroup;
			children = (
				236137542AA911D800E1FCB0 /* DetailView.swift */,
			);
			path = Details;
			sourceTree = "<group>";
		};
		236137582AA91F5F00E1FCB0 /* Daily */ = {
			isa = PBXGroup;
			children = (
				236137512AA9114000E1FCB0 /* DailyItem.swift */,
				236137562AA917A200E1FCB0 /* DailySlider.swift */,
			);
			path = Daily;
			sourceTree = "<group>";
		};
		236137592AA9268600E1FCB0 /* ItemsList */ = {
			isa = PBXGroup;
			children = (
				2361375A2AA926A300E1FCB0 /* ItemsList.swift */,
				2361375C2AA9284000E1FCB0 /* ListItem.swift */,
			);
			path = ItemsList;
			sourceTree = "<group>";
		};
		23EE97A32AA9098000540B6E = {
			isa = PBXGroup;
			children = (
				2344E3752AAB363500FA747D /* UrlImage.swift */,
				23849AD72AA9D98D006F51D0 /* ItemData.swift */,
				23849AD52AA9D1DF006F51D0 /* data.json */,
				23EE97AE2AA9098000540B6E /* PhysicsGlossary */,
				23EE97AD2AA9098000540B6E /* Products */,
			);
			sourceTree = "<group>";
		};
		23EE97AD2AA9098000540B6E /* Products */ = {
			isa = PBXGroup;
			children = (
				23EE97AC2AA9098000540B6E /* PhysicsGlossary.app */,
			);
			name = Products;
			sourceTree = "<group>";
		};
		23EE97AE2AA9098000540B6E /* PhysicsGlossary */ = {
			isa = PBXGroup;
			children = (
				236137462AA90F2A00E1FCB0 /* Settings */,
				236137432AA90ED800E1FCB0 /* Calculate */,
				236137402AA90DBE00E1FCB0 /* Home */,
				23EE97AF2AA9098000540B6E /* PhysicsGlossaryApp.swift */,
				23EE97B12AA9098000540B6E /* ContentView.swift */,
				23EE97B32AA9098200540B6E /* Assets.xcassets */,
				23EE97B82AA9098200540B6E /* Persistence.swift */,
				23EE97BA2AA9098200540B6E /* PhysicsGlossary.xcdatamodeld */,
				23EE97B52AA9098200540B6E /* Preview Content */,
			);
			path = PhysicsGlossary;
			sourceTree = "<group>";
		};
		23EE97B52AA9098200540B6E /* Preview Content */ = {
			isa = PBXGroup;
			children = (
				23EE97B62AA9098200540B6E /* Preview Assets.xcassets */,
			);
			path = "Preview Content";
			sourceTree = "<group>";
		};
/* End PBXGroup section */

/* Begin PBXNativeTarget section */
		23EE97AB2AA9098000540B6E /* PhysicsGlossary */ = {
			isa = PBXNativeTarget;
			buildConfigurationList = 23EE97BF2AA9098200540B6E /* Build configuration list for PBXNativeTarget "PhysicsGlossary" */;
			buildPhases = (
				23EE97A82AA9098000540B6E /* Sources */,
				23EE97A92AA9098000540B6E /* Frameworks */,
				23EE97AA2AA9098000540B6E /* Resources */,
			);
			buildRules = (
			);
			dependencies = (
			);
			name = PhysicsGlossary;
			productName = PhysicsGlossary;
			productReference = 23EE97AC2AA9098000540B6E /* PhysicsGlossary.app */;
			productType = "com.apple.product-type.application";
		};
/* End PBXNativeTarget section */

/* Begin PBXProject section */
		23EE97A42AA9098000540B6E /* Project object */ = {
			isa = PBXProject;
			attributes = {
				BuildIndependentTargetsInParallel = 1;
				LastSwiftUpdateCheck = 1430;
				LastUpgradeCheck = 1430;
				TargetAttributes = {
					23EE97AB2AA9098000540B6E = {
						CreatedOnToolsVersion = 14.3.1;
					};
				};
			};
			buildConfigurationList = 23EE97A72AA9098000540B6E /* Build configuration list for PBXProject "PhysicsGlossary" */;
			compatibilityVersion = "Xcode 14.0";
			developmentRegion = en;
			hasScannedForEncodings = 0;
			knownRegions = (
				en,
				Base,
			);
			mainGroup = 23EE97A32AA9098000540B6E;
			productRefGroup = 23EE97AD2AA9098000540B6E /* Products */;
			projectDirPath = "";
			projectRoot = "";
			targets = (
				23EE97AB2AA9098000540B6E /* PhysicsGlossary */,
			);
		};
/* End PBXProject section */

/* Begin PBXResourcesBuildPhase section */
		23EE97AA2AA9098000540B6E /* Resources */ = {
			isa = PBXResourcesBuildPhase;
			buildActionMask = 2147483647;
			files = (
				23EE97B72AA9098200540B6E /* Preview Assets.xcassets in Resources */,
				23849AD62AA9D1E0006F51D0 /* data.json in Resources */,
				23EE97B42AA9098200540B6E /* Assets.xcassets in Resources */,
			);
			runOnlyForDeploymentPostprocessing = 0;
		};
/* End PBXResourcesBuildPhase section */

/* Begin PBXSourcesBuildPhase section */
		23EE97A82AA9098000540B6E /* Sources */ = {
			isa = PBXSourcesBuildPhase;
			buildActionMask = 2147483647;
			files = (
				23849AD82AA9D98D006F51D0 /* ItemData.swift in Sources */,
				2361375B2AA926A300E1FCB0 /* ItemsList.swift in Sources */,
				236137482AA90F4000E1FCB0 /* SettingsView.swift in Sources */,
				23EE97B92AA9098200540B6E /* Persistence.swift in Sources */,
				236137452AA90EE400E1FCB0 /* CalculateView.swift in Sources */,
				236137552AA911D800E1FCB0 /* DetailView.swift in Sources */,
				23EE97B22AA9098000540B6E /* ContentView.swift in Sources */,
				23EE97B02AA9098000540B6E /* PhysicsGlossaryApp.swift in Sources */,
				236137522AA9114000E1FCB0 /* DailyItem.swift in Sources */,
				236137422AA90DD300E1FCB0 /* HomeView.swift in Sources */,
				236137572AA917A300E1FCB0 /* DailySlider.swift in Sources */,
				2361375D2AA9284000E1FCB0 /* ListItem.swift in Sources */,
				2344E3762AAB363500FA747D /* UrlImage.swift in Sources */,
				2361374C2AA9104300E1FCB0 /* Home.swift in Sources */,
				23EE97BC2AA9098200540B6E /* PhysicsGlossary.xcdatamodeld in Sources */,
			);
			runOnlyForDeploymentPostprocessing = 0;
		};
/* End PBXSourcesBuildPhase section */

/* Begin XCBuildConfiguration section */
		23EE97BD2AA9098200540B6E /* Debug */ = {
			isa = XCBuildConfiguration;
			buildSettings = {
				ALWAYS_SEARCH_USER_PATHS = NO;
				CLANG_ANALYZER_NONNULL = YES;
				CLANG_ANALYZER_NUMBER_OBJECT_CONVERSION = YES_AGGRESSIVE;
				CLANG_CXX_LANGUAGE_STANDARD = "gnu++20";
				CLANG_ENABLE_MODULES = YES;
				CLANG_ENABLE_OBJC_ARC = YES;
				CLANG_ENABLE_OBJC_WEAK = YES;
				CLANG_WARN_BLOCK_CAPTURE_AUTORELEASING = YES;
				CLANG_WARN_BOOL_CONVERSION = YES;
				CLANG_WARN_COMMA = YES;
				CLANG_WARN_CONSTANT_CONVERSION = YES;
				CLANG_WARN_DEPRECATED_OBJC_IMPLEMENTATIONS = YES;
				CLANG_WARN_DIRECT_OBJC_ISA_USAGE = YES_ERROR;
				CLANG_WARN_DOCUMENTATION_COMMENTS = YES;
				CLANG_WARN_EMPTY_BODY = YES;
				CLANG_WARN_ENUM_CONVERSION = YES;
				CLANG_WARN_INFINITE_RECURSION = YES;
				CLANG_WARN_INT_CONVERSION = YES;
				CLANG_WARN_NON_LITERAL_NULL_CONVERSION = YES;
				CLANG_WARN_OBJC_IMPLICIT_RETAIN_SELF = YES;
				CLANG_WARN_OBJC_LITERAL_CONVERSION = YES;
				CLANG_WARN_OBJC_ROOT_CLASS = YES_ERROR;
				CLANG_WARN_QUOTED_INCLUDE_IN_FRAMEWORK_HEADER = YES;
				CLANG_WARN_RANGE_LOOP_ANALYSIS = YES;
				CLANG_WARN_STRICT_PROTOTYPES = YES;
				CLANG_WARN_SUSPICIOUS_MOVE = YES;
				CLANG_WARN_UNGUARDED_AVAILABILITY = YES_AGGRESSIVE;
				CLANG_WARN_UNREACHABLE_CODE = YES;
				CLANG_WARN__DUPLICATE_METHOD_MATCH = YES;
				COPY_PHASE_STRIP = NO;
				DEBUG_INFORMATION_FORMAT = dwarf;
				ENABLE_STRICT_OBJC_MSGSEND = YES;
				ENABLE_TESTABILITY = YES;
				GCC_C_LANGUAGE_STANDARD = gnu11;
				GCC_DYNAMIC_NO_PIC = NO;
				GCC_NO_COMMON_BLOCKS = YES;
				GCC_OPTIMIZATION_LEVEL = 0;
				GCC_PREPROCESSOR_DEFINITIONS = (
					"DEBUG=1",
					"$(inherited)",
				);
				GCC_WARN_64_TO_32_BIT_CONVERSION = YES;
				GCC_WARN_ABOUT_RETURN_TYPE = YES_ERROR;
				GCC_WARN_UNDECLARED_SELECTOR = YES;
				GCC_WARN_UNINITIALIZED_AUTOS = YES_AGGRESSIVE;
				GCC_WARN_UNUSED_FUNCTION = YES;
				GCC_WARN_UNUSED_VARIABLE = YES;
				IPHONEOS_DEPLOYMENT_TARGET = 16.4;
				MTL_ENABLE_DEBUG_INFO = INCLUDE_SOURCE;
				MTL_FAST_MATH = YES;
				ONLY_ACTIVE_ARCH = YES;
				SDKROOT = iphoneos;
				SWIFT_ACTIVE_COMPILATION_CONDITIONS = DEBUG;
				SWIFT_OPTIMIZATION_LEVEL = "-Onone";
			};
			name = Debug;
		};
		23EE97BE2AA9098200540B6E /* Release */ = {
			isa = XCBuildConfiguration;
			buildSettings = {
				ALWAYS_SEARCH_USER_PATHS = NO;
				CLANG_ANALYZER_NONNULL = YES;
				CLANG_ANALYZER_NUMBER_OBJECT_CONVERSION = YES_AGGRESSIVE;
				CLANG_CXX_LANGUAGE_STANDARD = "gnu++20";
				CLANG_ENABLE_MODULES = YES;
				CLANG_ENABLE_OBJC_ARC = YES;
				CLANG_ENABLE_OBJC_WEAK = YES;
				CLANG_WARN_BLOCK_CAPTURE_AUTORELEASING = YES;
				CLANG_WARN_BOOL_CONVERSION = YES;
				CLANG_WARN_COMMA = YES;
				CLANG_WARN_CONSTANT_CONVERSION = YES;
				CLANG_WARN_DEPRECATED_OBJC_IMPLEMENTATIONS = YES;
				CLANG_WARN_DIRECT_OBJC_ISA_USAGE = YES_ERROR;
				CLANG_WARN_DOCUMENTATION_COMMENTS = YES;
				CLANG_WARN_EMPTY_BODY = YES;
				CLANG_WARN_ENUM_CONVERSION = YES;
				CLANG_WARN_INFINITE_RECURSION = YES;
				CLANG_WARN_INT_CONVERSION = YES;
				CLANG_WARN_NON_LITERAL_NULL_CONVERSION = YES;
				CLANG_WARN_OBJC_IMPLICIT_RETAIN_SELF = YES;
				CLANG_WARN_OBJC_LITERAL_CONVERSION = YES;
				CLANG_WARN_OBJC_ROOT_CLASS = YES_ERROR;
				CLANG_WARN_QUOTED_INCLUDE_IN_FRAMEWORK_HEADER = YES;
				CLANG_WARN_RANGE_LOOP_ANALYSIS = YES;
				CLANG_WARN_STRICT_PROTOTYPES = YES;
				CLANG_WARN_SUSPICIOUS_MOVE = YES;
				CLANG_WARN_UNGUARDED_AVAILABILITY = YES_AGGRESSIVE;
				CLANG_WARN_UNREACHABLE_CODE = YES;
				CLANG_WARN__DUPLICATE_METHOD_MATCH = YES;
				COPY_PHASE_STRIP = NO;
				DEBUG_INFORMATION_FORMAT = "dwarf-with-dsym";
				ENABLE_NS_ASSERTIONS = NO;
				ENABLE_STRICT_OBJC_MSGSEND = YES;
				GCC_C_LANGUAGE_STANDARD = gnu11;
				GCC_NO_COMMON_BLOCKS = YES;
				GCC_WARN_64_TO_32_BIT_CONVERSION = YES;
				GCC_WARN_ABOUT_RETURN_TYPE = YES_ERROR;
				GCC_WARN_UNDECLARED_SELECTOR = YES;
				GCC_WARN_UNINITIALIZED_AUTOS = YES_AGGRESSIVE;
				GCC_WARN_UNUSED_FUNCTION = YES;
				GCC_WARN_UNUSED_VARIABLE = YES;
				IPHONEOS_DEPLOYMENT_TARGET = 16.4;
				MTL_ENABLE_DEBUG_INFO = NO;
				MTL_FAST_MATH = YES;
				SDKROOT = iphoneos;
				SWIFT_COMPILATION_MODE = wholemodule;
				SWIFT_OPTIMIZATION_LEVEL = "-O";
				VALIDATE_PRODUCT = YES;
			};
			name = Release;
		};
		23EE97C02AA9098200540B6E /* Debug */ = {
			isa = XCBuildConfiguration;
			buildSettings = {
				ASSETCATALOG_COMPILER_APPICON_NAME = AppIcon;
				ASSETCATALOG_COMPILER_GLOBAL_ACCENT_COLOR_NAME = AccentColor;
				CODE_SIGN_STYLE = Automatic;
				CURRENT_PROJECT_VERSION = 1;
				DEVELOPMENT_ASSET_PATHS = "\"PhysicsGlossary/Preview Content\"";
				DEVELOPMENT_TEAM = 8GX296S38Y;
				ENABLE_PREVIEWS = YES;
				GENERATE_INFOPLIST_FILE = YES;
				INFOPLIST_KEY_UIApplicationSceneManifest_Generation = YES;
				INFOPLIST_KEY_UIApplicationSupportsIndirectInputEvents = YES;
				INFOPLIST_KEY_UILaunchScreen_Generation = YES;
				INFOPLIST_KEY_UISupportedInterfaceOrientations_iPad = "UIInterfaceOrientationPortrait UIInterfaceOrientationPortraitUpsideDown UIInterfaceOrientationLandscapeLeft UIInterfaceOrientationLandscapeRight";
				INFOPLIST_KEY_UISupportedInterfaceOrientations_iPhone = "UIInterfaceOrientationPortrait UIInterfaceOrientationLandscapeLeft UIInterfaceOrientationLandscapeRight";
				LD_RUNPATH_SEARCH_PATHS = (
					"$(inherited)",
					"@executable_path/Frameworks",
				);
				MARKETING_VERSION = 1.0;
				PRODUCT_BUNDLE_IDENTIFIER = com.mohammadchahadeh.PhysicsGlossary;
				PRODUCT_NAME = "$(TARGET_NAME)";
				SWIFT_EMIT_LOC_STRINGS = YES;
				SWIFT_VERSION = 5.0;
				TARGETED_DEVICE_FAMILY = "1,2";
			};
			name = Debug;
		};
		23EE97C12AA9098200540B6E /* Release */ = {
			isa = XCBuildConfiguration;
			buildSettings = {
				ASSETCATALOG_COMPILER_APPICON_NAME = AppIcon;
				ASSETCATALOG_COMPILER_GLOBAL_ACCENT_COLOR_NAME = AccentColor;
				CODE_SIGN_STYLE = Automatic;
				CURRENT_PROJECT_VERSION = 1;
				DEVELOPMENT_ASSET_PATHS = "\"PhysicsGlossary/Preview Content\"";
				DEVELOPMENT_TEAM = 8GX296S38Y;
				ENABLE_PREVIEWS = YES;
				GENERATE_INFOPLIST_FILE = YES;
				INFOPLIST_KEY_UIApplicationSceneManifest_Generation = YES;
				INFOPLIST_KEY_UIApplicationSupportsIndirectInputEvents = YES;
				INFOPLIST_KEY_UILaunchScreen_Generation = YES;
				INFOPLIST_KEY_UISupportedInterfaceOrientations_iPad = "UIInterfaceOrientationPortrait UIInterfaceOrientationPortraitUpsideDown UIInterfaceOrientationLandscapeLeft UIInterfaceOrientationLandscapeRight";
				INFOPLIST_KEY_UISupportedInterfaceOrientations_iPhone = "UIInterfaceOrientationPortrait UIInterfaceOrientationLandscapeLeft UIInterfaceOrientationLandscapeRight";
				LD_RUNPATH_SEARCH_PATHS = (
					"$(inherited)",
					"@executable_path/Frameworks",
				);
				MARKETING_VERSION = 1.0;
				PRODUCT_BUNDLE_IDENTIFIER = com.mohammadchahadeh.PhysicsGlossary;
				PRODUCT_NAME = "$(TARGET_NAME)";
				SWIFT_EMIT_LOC_STRINGS = YES;
				SWIFT_VERSION = 5.0;
				TARGETED_DEVICE_FAMILY = "1,2";
			};
			name = Release;
		};
/* End XCBuildConfiguration section */

/* Begin XCConfigurationList section */
		23EE97A72AA9098000540B6E /* Build configuration list for PBXProject "PhysicsGlossary" */ = {
			isa = XCConfigurationList;
			buildConfigurations = (
				23EE97BD2AA9098200540B6E /* Debug */,
				23EE97BE2AA9098200540B6E /* Release */,
			);
			defaultConfigurationIsVisible = 0;
			defaultConfigurationName = Release;
		};
		23EE97BF2AA9098200540B6E /* Build configuration list for PBXNativeTarget "PhysicsGlossary" */ = {
			isa = XCConfigurationList;
			buildConfigurations = (
				23EE97C02AA9098200540B6E /* Debug */,
				23EE97C12AA9098200540B6E /* Release */,
			);
			defaultConfigurationIsVisible = 0;
			defaultConfigurationName = Release;
		};
/* End XCConfigurationList section */

/* Begin XCVersionGroup section */
		23EE97BA2AA9098200540B6E /* PhysicsGlossary.xcdatamodeld */ = {
			isa = XCVersionGroup;
			children = (
				23EE97BB2AA9098200540B6E /* PhysicsGlossary.xcdatamodel */,
			);
			currentVersion = 23EE97BB2AA9098200540B6E /* PhysicsGlossary.xcdatamodel */;
			path = PhysicsGlossary.xcdatamodeld;
			sourceTree = "<group>";
			versionGroupType = wrapper.xcdatamodel;
		};
/* End XCVersionGroup section */
	};
	rootObject = 23EE97A42AA9098000540B6E /* Project object */;
}
